
Microsoft Visual Studio Solution File, Format Version 12.00
# Visual Studio 15
VisualStudioVersion = 15.0.27004.2010
MinimumVisualStudioVersion = 10.0.40219.1
Project("{FAE04EC0-301F-11D3-BF4B-00C04F79EFBC}") = "dMagnets.Android", "dMagnets\dMagnets.Android\dMagnets.Android.csproj", "{46D714CD-C9D4-4B46-A9F4-EE6B7F4E5B63}"
EndProject
Project("{FAE04EC0-301F-11D3-BF4B-00C04F79EFBC}") = "dMagnets", "dMagnets\dMagnets\dMagnets.csproj", "{1A7B7011-47F6-4734-B57A-0C49E62F7E3F}"
EndProject
Project("{FAE04EC0-301F-11D3-BF4B-00C04F79EFBC}") = "dMagnets.UWP", "dMagnets\dMagnets.UWP\dMagnets.UWP.csproj", "{8EC0B1A5-87A4-448A-A27B-2E237B257352}"
EndProject
Project("{FAE04EC0-301F-11D3-BF4B-00C04F79EFBC}") = "dMagnets.iOS", "dMagnets\dMagnets.iOS\dMagnets.iOS.csproj", "{01BBC4E7-79FE-4BA0-90E2-EC90AADD8DAF}"
EndProject
Global
	GlobalSection(SolutionConfigurationPlatforms) = preSolution
		Ad-Hoc|Any CPU = Ad-Hoc|Any CPU
		Ad-Hoc|ARM = Ad-Hoc|ARM
		Ad-Hoc|iPhone = Ad-Hoc|iPhone
		Ad-Hoc|iPhoneSimulator = Ad-Hoc|iPhoneSimulator
		Ad-Hoc|x64 = Ad-Hoc|x64
		Ad-Hoc|x86 = Ad-Hoc|x86
		AppStore|Any CPU = AppStore|Any CPU
		AppStore|ARM = AppStore|ARM
		AppStore|iPhone = AppStore|iPhone
		AppStore|iPhoneSimulator = AppStore|iPhoneSimulator
		AppStore|x64 = AppStore|x64
		AppStore|x86 = AppStore|x86
		Debug|Any CPU = Debug|Any CPU
		Debug|ARM = Debug|ARM
		Debug|iPhone = Debug|iPhone
		Debug|iPhoneSimulator = Debug|iPhoneSimulator
		Debug|x64 = Debug|x64
		Debug|x86 = Debug|x86
		Release|Any CPU = Release|Any CPU
		Release|ARM = Release|ARM
		Release|iPhone = Release|iPhone
		Release|iPhoneSimulator = Release|iPhoneSimulator
		Release|x64 = Release|x64
		Release|x86 = Release|x86
	EndGlobalSection
	GlobalSection(ProjectConfigurationPlatforms) = postSolution
		{46D714CD-C9D4-4B46-A9F4-EE6B7F4E5B63}.Ad-Hoc|Any CPU.ActiveCfg = Release|Any CPU
		{46D714CD-C9D4-4B46-A9F4-EE6B7F4E5B63}.Ad-Hoc|Any CPU.Build.0 = Release|Any CPU
		{46D714CD-C9D4-4B46-A9F4-EE6B7F4E5B63}.Ad-Hoc|Any CPU.Deploy.0 = Release|Any CPU
		{46D714CD-C9D4-4B46-A9F4-EE6B7F4E5B63}.Ad-Hoc|ARM.ActiveCfg = Release|Any CPU
		{46D714CD-C9D4-4B46-A9F4-EE6B7F4E5B63}.Ad-Hoc|ARM.Build.0 = Release|Any CPU
		{46D714CD-C9D4-4B46-A9F4-EE6B7F4E5B63}.Ad-Hoc|ARM.Deploy.0 = Release|Any CPU
		{46D714CD-C9D4-4B46-A9F4-EE6B7F4E5B63}.Ad-Hoc|iPhone.ActiveCfg = Release|Any CPU
		{46D714CD-C9D4-4B46-A9F4-EE6B7F4E5B63}.Ad-Hoc|iPhone.Build.0 = Release|Any CPU
		{46D714CD-C9D4-4B46-A9F4-EE6B7F4E5B63}.Ad-Hoc|iPhone.Deploy.0 = Release|Any CPU
		{46D714CD-C9D4-4B46-A9F4-EE6B7F4E5B63}.Ad-Hoc|iPhoneSimulator.ActiveCfg = Release|Any CPU
		{46D714CD-C9D4-4B46-A9F4-EE6B7F4E5B63}.Ad-Hoc|iPhoneSimulator.Build.0 = Release|Any CPU
		{46D714CD-C9D4-4B46-A9F4-EE6B7F4E5B63}.Ad-Hoc|iPhoneSimulator.Deploy.0 = Release|Any CPU
		{46D714CD-C9D4-4B46-A9F4-EE6B7F4E5B63}.Ad-Hoc|x64.ActiveCfg = Release|Any CPU
		{46D714CD-C9D4-4B46-A9F4-EE6B7F4E5B63}.Ad-Hoc|x64.Build.0 = Release|Any CPU
		{46D714CD-C9D4-4B46-A9F4-EE6B7F4E5B63}.Ad-Hoc|x64.Deploy.0 = Release|Any CPU
		{46D714CD-C9D4-4B46-A9F4-EE6B7F4E5B63}.Ad-Hoc|x86.ActiveCfg = Release|Any CPU
		{46D714CD-C9D4-4B46-A9F4-EE6B7F4E5B63}.Ad-Hoc|x86.Build.0 = Release|Any CPU
		{46D714CD-C9D4-4B46-A9F4-EE6B7F4E5B63}.Ad-Hoc|x86.Deploy.0 = Release|Any CPU
		{46D714CD-C9D4-4B46-A9F4-EE6B7F4E5B63}.AppStore|Any CPU.ActiveCfg = Release|Any CPU
		{46D714CD-C9D4-4B46-A9F4-EE6B7F4E5B63}.AppStore|Any CPU.Build.0 = Release|Any CPU
		{46D714CD-C9D4-4B46-A9F4-EE6B7F4E5B63}.AppStore|Any CPU.Deploy.0 = Release|Any CPU
		{46D714CD-C9D4-4B46-A9F4-EE6B7F4E5B63}.AppStore|ARM.ActiveCfg = Release|Any CPU
		{46D714CD-C9D4-4B46-A9F4-EE6B7F4E5B63}.AppStore|ARM.Build.0 = Release|Any CPU
		{46D714CD-C9D4-4B46-A9F4-EE6B7F4E5B63}.AppStore|ARM.Deploy.0 = Release|Any CPU
		{46D714CD-C9D4-4B46-A9F4-EE6B7F4E5B63}.AppStore|iPhone.ActiveCfg = Release|Any CPU
		{46D714CD-C9D4-4B46-A9F4-EE6B7F4E5B63}.AppStore|iPhone.Build.0 = Release|Any CPU
		{46D714CD-C9D4-4B46-A9F4-EE6B7F4E5B63}.AppStore|iPhone.Deploy.0 = Release|Any CPU
		{46D714CD-C9D4-4B46-A9F4-EE6B7F4E5B63}.AppStore|iPhoneSimulator.ActiveCfg = Release|Any CPU
		{46D714CD-C9D4-4B46-A9F4-EE6B7F4E5B63}.AppStore|iPhoneSimulator.Build.0 = Release|Any CPU
		{46D714CD-C9D4-4B46-A9F4-EE6B7F4E5B63}.AppStore|iPhoneSimulator.Deploy.0 = Release|Any CPU
		{46D714CD-C9D4-4B46-A9F4-EE6B7F4E5B63}.AppStore|x64.ActiveCfg = Release|Any CPU
		{46D714CD-C9D4-4B46-A9F4-EE6B7F4E5B63}.AppStore|x64.Build.0 = Release|Any CPU
		{46D714CD-C9D4-4B46-A9F4-EE6B7F4E5B63}.AppStore|x64.Deploy.0 = Release|Any CPU
		{46D714CD-C9D4-4B46-A9F4-EE6B7F4E5B63}.AppStore|x86.ActiveCfg = Release|Any CPU
		{46D714CD-C9D4-4B46-A9F4-EE6B7F4E5B63}.AppStore|x86.Build.0 = Release|Any CPU
		{46D714CD-C9D4-4B46-A9F4-EE6B7F4E5B63}.AppStore|x86.Deploy.0 = Release|Any CPU
		{46D714CD-C9D4-4B46-A9F4-EE6B7F4E5B63}.Debug|Any CPU.ActiveCfg = Debug|Any CPU
		{46D714CD-C9D4-4B46-A9F4-EE6B7F4E5B63}.Debug|Any CPU.Build.0 = Debug|Any CPU
		{46D714CD-C9D4-4B46-A9F4-EE6B7F4E5B63}.Debug|Any CPU.Deploy.0 = Debug|Any CPU
		{46D714CD-C9D4-4B46-A9F4-EE6B7F4E5B63}.Debug|ARM.ActiveCfg = Debug|Any CPU
		{46D714CD-C9D4-4B46-A9F4-EE6B7F4E5B63}.Debug|ARM.Build.0 = Debug|Any CPU
		{46D714CD-C9D4-4B46-A9F4-EE6B7F4E5B63}.Debug|ARM.Deploy.0 = Debug|Any CPU
		{46D714CD-C9D4-4B46-A9F4-EE6B7F4E5B63}.Debug|iPhone.ActiveCfg = Debug|Any CPU
		{46D714CD-C9D4-4B46-A9F4-EE6B7F4E5B63}.Debug|iPhone.Build.0 = Debug|Any CPU
		{46D714CD-C9D4-4B46-A9F4-EE6B7F4E5B63}.Debug|iPhone.Deploy.0 = Debug|Any CPU
		{46D714CD-C9D4-4B46-A9F4-EE6B7F4E5B63}.Debug|iPhoneSimulator.ActiveCfg = Debug|Any CPU
		{46D714CD-C9D4-4B46-A9F4-EE6B7F4E5B63}.Debug|iPhoneSimulator.Build.0 = Debug|Any CPU
		{46D714CD-C9D4-4B46-A9F4-EE6B7F4E5B63}.Debug|iPhoneSimulator.Deploy.0 = Debug|Any CPU
		{46D714CD-C9D4-4B46-A9F4-EE6B7F4E5B63}.Debug|x64.ActiveCfg = Debug|Any CPU
		{46D714CD-C9D4-4B46-A9F4-EE6B7F4E5B63}.Debug|x64.Build.0 = Debug|Any CPU
		{46D714CD-C9D4-4B46-A9F4-EE6B7F4E5B63}.Debug|x64.Deploy.0 = Debug|Any CPU
		{46D714CD-C9D4-4B46-A9F4-EE6B7F4E5B63}.Debug|x86.ActiveCfg = Debug|Any CPU
		{46D714CD-C9D4-4B46-A9F4-EE6B7F4E5B63}.Debug|x86.Build.0 = Debug|Any CPU
		{46D714CD-C9D4-4B46-A9F4-EE6B7F4E5B63}.Debug|x86.Deploy.0 = Debug|Any CPU
		{46D714CD-C9D4-4B46-A9F4-EE6B7F4E5B63}.Release|Any CPU.ActiveCfg = Release|Any CPU
		{46D714CD-C9D4-4B46-A9F4-EE6B7F4E5B63}.Release|Any CPU.Build.0 = Release|Any CPU
		{46D714CD-C9D4-4B46-A9F4-EE6B7F4E5B63}.Release|Any CPU.Deploy.0 = Release|Any CPU
		{46D714CD-C9D4-4B46-A9F4-EE6B7F4E5B63}.Release|ARM.ActiveCfg = Release|Any CPU
		{46D714CD-C9D4-4B46-A9F4-EE6B7F4E5B63}.Release|ARM.Build.0 = Release|Any CPU
		{46D714CD-C9D4-4B46-A9F4-EE6B7F4E5B63}.Release|ARM.Deploy.0 = Release|Any CPU
		{46D714CD-C9D4-4B46-A9F4-EE6B7F4E5B63}.Release|iPhone.ActiveCfg = Release|Any CPU
		{46D714CD-C9D4-4B46-A9F4-EE6B7F4E5B63}.Release|iPhone.Build.0 = Release|Any CPU
		{46D714CD-C9D4-4B46-A9F4-EE6B7F4E5B63}.Release|iPhone.Deploy.0 = Release|Any CPU
		{46D714CD-C9D4-4B46-A9F4-EE6B7F4E5B63}.Release|iPhoneSimulator.ActiveCfg = Release|Any CPU
		{46D714CD-C9D4-4B46-A9F4-EE6B7F4E5B63}.Release|iPhoneSimulator.Build.0 = Release|Any CPU
		{46D714CD-C9D4-4B46-A9F4-EE6B7F4E5B63}.Release|iPhoneSimulator.Deploy.0 = Release|Any CPU
		{46D714CD-C9D4-4B46-A9F4-EE6B7F4E5B63}.Release|x64.ActiveCfg = Release|Any CPU
		{46D714CD-C9D4-4B46-A9F4-EE6B7F4E5B63}.Release|x64.Build.0 = Release|Any CPU
		{46D714CD-C9D4-4B46-A9F4-EE6B7F4E5B63}.Release|x64.Deploy.0 = Release|Any CPU
		{46D714CD-C9D4-4B46-A9F4-EE6B7F4E5B63}.Release|x86.ActiveCfg = Release|Any CPU
		{46D714CD-C9D4-4B46-A9F4-EE6B7F4E5B63}.Release|x86.Build.0 = Release|Any CPU
		{46D714CD-C9D4-4B46-A9F4-EE6B7F4E5B63}.Release|x86.Deploy.0 = Release|Any CPU
		{1A7B7011-47F6-4734-B57A-0C49E62F7E3F}.Ad-Hoc|Any CPU.ActiveCfg = Release|Any CPU
		{1A7B7011-47F6-4734-B57A-0C49E62F7E3F}.Ad-Hoc|Any CPU.Build.0 = Release|Any CPU
		{1A7B7011-47F6-4734-B57A-0C49E62F7E3F}.Ad-Hoc|ARM.ActiveCfg = Release|Any CPU
		{1A7B7011-47F6-4734-B57A-0C49E62F7E3F}.Ad-Hoc|ARM.Build.0 = Release|Any CPU
		{1A7B7011-47F6-4734-B57A-0C49E62F7E3F}.Ad-Hoc|iPhone.ActiveCfg = Release|Any CPU
		{1A7B7011-47F6-4734-B57A-0C49E62F7E3F}.Ad-Hoc|iPhone.Build.0 = Release|Any CPU
		{1A7B7011-47F6-4734-B57A-0C49E62F7E3F}.Ad-Hoc|iPhoneSimulator.ActiveCfg = Release|Any CPU
		{1A7B7011-47F6-4734-B57A-0C49E62F7E3F}.Ad-Hoc|iPhoneSimulator.Build.0 = Release|Any CPU
		{1A7B7011-47F6-4734-B57A-0C49E62F7E3F}.Ad-Hoc|x64.ActiveCfg = Release|Any CPU
		{1A7B7011-47F6-4734-B57A-0C49E62F7E3F}.Ad-Hoc|x64.Build.0 = Release|Any CPU
		{1A7B7011-47F6-4734-B57A-0C49E62F7E3F}.Ad-Hoc|x86.ActiveCfg = Release|Any CPU
		{1A7B7011-47F6-4734-B57A-0C49E62F7E3F}.Ad-Hoc|x86.Build.0 = Release|Any CPU
		{1A7B7011-47F6-4734-B57A-0C49E62F7E3F}.AppStore|Any CPU.ActiveCfg = Release|Any CPU
		{1A7B7011-47F6-4734-B57A-0C49E62F7E3F}.AppStore|Any CPU.Build.0 = Release|Any CPU
		{1A7B7011-47F6-4734-B57A-0C49E62F7E3F}.AppStore|ARM.ActiveCfg = Release|Any CPU
		{1A7B7011-47F6-4734-B57A-0C49E62F7E3F}.AppStore|ARM.Build.0 = Release|Any CPU
		{1A7B7011-47F6-4734-B57A-0C49E62F7E3F}.AppStore|iPhone.ActiveCfg = Release|Any CPU
		{1A7B7011-47F6-4734-B57A-0C49E62F7E3F}.AppStore|iPhone.Build.0 = Release|Any CPU
		{1A7B7011-47F6-4734-B57A-0C49E62F7E3F}.AppStore|iPhoneSimulator.ActiveCfg = Release|Any CPU
		{1A7B7011-47F6-4734-B57A-0C49E62F7E3F}.AppStore|iPhoneSimulator.Build.0 = Release|Any CPU
		{1A7B7011-47F6-4734-B57A-0C49E62F7E3F}.AppStore|x64.ActiveCfg = Release|Any CPU
		{1A7B7011-47F6-4734-B57A-0C49E62F7E3F}.AppStore|x64.Build.0 = Release|Any CPU
		{1A7B7011-47F6-4734-B57A-0C49E62F7E3F}.AppStore|x86.ActiveCfg = Release|Any CPU
		{1A7B7011-47F6-4734-B57A-0C49E62F7E3F}.AppStore|x86.Build.0 = Release|Any CPU
		{1A7B7011-47F6-4734-B57A-0C49E62F7E3F}.Debug|Any CPU.ActiveCfg = Debug|Any CPU
		{1A7B7011-47F6-4734-B57A-0C49E62F7E3F}.Debug|Any CPU.Build.0 = Debug|Any CPU
		{1A7B7011-47F6-4734-B57A-0C49E62F7E3F}.Debug|ARM.ActiveCfg = Debug|Any CPU
		{1A7B7011-47F6-4734-B57A-0C49E62F7E3F}.Debug|ARM.Build.0 = Debug|Any CPU
		{1A7B7011-47F6-4734-B57A-0C49E62F7E3F}.Debug|iPhone.ActiveCfg = Debug|Any CPU
		{1A7B7011-47F6-4734-B57A-0C49E62F7E3F}.Debug|iPhone.Build.0 = Debug|Any CPU
		{1A7B7011-47F6-4734-B57A-0C49E62F7E3F}.Debug|iPhoneSimulator.ActiveCfg = Debug|Any CPU
		{1A7B7011-47F6-4734-B57A-0C49E62F7E3F}.Debug|iPhoneSimulator.Build.0 = Debug|Any CPU
		{1A7B7011-47F6-4734-B57A-0C49E62F7E3F}.Debug|x64.ActiveCfg = Debug|Any CPU
		{1A7B7011-47F6-4734-B57A-0C49E62F7E3F}.Debug|x64.Build.0 = Debug|Any CPU
		{1A7B7011-47F6-4734-B57A-0C49E62F7E3F}.Debug|x86.ActiveCfg = Debug|Any CPU
		{1A7B7011-47F6-4734-B57A-0C49E62F7E3F}.Debug|x86.Build.0 = Debug|Any CPU
		{1A7B7011-47F6-4734-B57A-0C49E62F7E3F}.Release|Any CPU.ActiveCfg = Release|Any CPU
		{1A7B7011-47F6-4734-B57A-0C49E62F7E3F}.Release|Any CPU.Build.0 = Release|Any CPU
		{1A7B7011-47F6-4734-B57A-0C49E62F7E3F}.Release|ARM.ActiveCfg = Release|Any CPU
		{1A7B7011-47F6-4734-B57A-0C49E62F7E3F}.Release|ARM.Build.0 = Release|Any CPU
		{1A7B7011-47F6-4734-B57A-0C49E62F7E3F}.Release|iPhone.ActiveCfg = Release|Any CPU
		{1A7B7011-47F6-4734-B57A-0C49E62F7E3F}.Release|iPhone.Build.0 = Release|Any CPU
		{1A7B7011-47F6-4734-B57A-0C49E62F7E3F}.Release|iPhoneSimulator.ActiveCfg = Release|Any CPU
		{1A7B7011-47F6-4734-B57A-0C49E62F7E3F}.Release|iPhoneSimulator.Build.0 = Release|Any CPU
		{1A7B7011-47F6-4734-B57A-0C49E62F7E3F}.Release|x64.ActiveCfg = Release|Any CPU
		{1A7B7011-47F6-4734-B57A-0C49E62F7E3F}.Release|x64.Build.0 = Release|Any CPU
		{1A7B7011-47F6-4734-B57A-0C49E62F7E3F}.Release|x86.ActiveCfg = Release|Any CPU
		{1A7B7011-47F6-4734-B57A-0C49E62F7E3F}.Release|x86.Build.0 = Release|Any CPU
		{8EC0B1A5-87A4-448A-A27B-2E237B257352}.Ad-Hoc|Any CPU.ActiveCfg = Release|x86
		{8EC0B1A5-87A4-448A-A27B-2E237B257352}.Ad-Hoc|Any CPU.Build.0 = Release|x86
		{8EC0B1A5-87A4-448A-A27B-2E237B257352}.Ad-Hoc|Any CPU.Deploy.0 = Release|x86
		{8EC0B1A5-87A4-448A-A27B-2E237B257352}.Ad-Hoc|ARM.ActiveCfg = Release|ARM
		{8EC0B1A5-87A4-448A-A27B-2E237B257352}.Ad-Hoc|ARM.Build.0 = Release|ARM
		{8EC0B1A5-87A4-448A-A27B-2E237B257352}.Ad-Hoc|ARM.Deploy.0 = Release|ARM
		{8EC0B1A5-87A4-448A-A27B-2E237B257352}.Ad-Hoc|iPhone.ActiveCfg = Release|x86
		{8EC0B1A5-87A4-448A-A27B-2E237B257352}.Ad-Hoc|iPhone.Build.0 = Release|x86
		{8EC0B1A5-87A4-448A-A27B-2E237B257352}.Ad-Hoc|iPhone.Deploy.0 = Release|x86
		{8EC0B1A5-87A4-448A-A27B-2E237B257352}.Ad-Hoc|iPhoneSimulator.ActiveCfg = Release|x86
		{8EC0B1A5-87A4-448A-A27B-2E237B257352}.Ad-Hoc|iPhoneSimulator.Build.0 = Release|x86
		{8EC0B1A5-87A4-448A-A27B-2E237B257352}.Ad-Hoc|iPhoneSimulator.Deploy.0 = Release|x86
		{8EC0B1A5-87A4-448A-A27B-2E237B257352}.Ad-Hoc|x64.ActiveCfg = Release|x64
		{8EC0B1A5-87A4-448A-A27B-2E237B257352}.Ad-Hoc|x64.Build.0 = Release|x64
		{8EC0B1A5-87A4-448A-A27B-2E237B257352}.Ad-Hoc|x64.Deploy.0 = Release|x64
		{8EC0B1A5-87A4-448A-A27B-2E237B257352}.Ad-Hoc|x86.ActiveCfg = Release|x86
		{8EC0B1A5-87A4-448A-A27B-2E237B257352}.Ad-Hoc|x86.Build.0 = Release|x86
		{8EC0B1A5-87A4-448A-A27B-2E237B257352}.Ad-Hoc|x86.Deploy.0 = Release|x86
		{8EC0B1A5-87A4-448A-A27B-2E237B257352}.AppStore|Any CPU.ActiveCfg = Release|x86
		{8EC0B1A5-87A4-448A-A27B-2E237B257352}.AppStore|Any CPU.Build.0 = Release|x86
		{8EC0B1A5-87A4-448A-A27B-2E237B257352}.AppStore|Any CPU.Deploy.0 = Release|x86
		{8EC0B1A5-87A4-448A-A27B-2E237B257352}.AppStore|ARM.ActiveCfg = Release|ARM
		{8EC0B1A5-87A4-448A-A27B-2E237B257352}.AppStore|ARM.Build.0 = Release|ARM
		{8EC0B1A5-87A4-448A-A27B-2E237B257352}.AppStore|ARM.Deploy.0 = Release|ARM
		{8EC0B1A5-87A4-448A-A27B-2E237B257352}.AppStore|iPhone.ActiveCfg = Release|x86
		{8EC0B1A5-87A4-448A-A27B-2E237B257352}.AppStore|iPhone.Build.0 = Release|x86
		{8EC0B1A5-87A4-448A-A27B-2E237B257352}.AppStore|iPhone.Deploy.0 = Release|x86
		{8EC0B1A5-87A4-448A-A27B-2E237B257352}.AppStore|iPhoneSimulator.ActiveCfg = Release|x86
		{8EC0B1A5-87A4-448A-A27B-2E237B257352}.AppStore|iPhoneSimulator.Build.0 = Release|x86
		{8EC0B1A5-87A4-448A-A27B-2E237B257352}.AppStore|iPhoneSimulator.Deploy.0 = Release|x86
		{8EC0B1A5-87A4-448A-A27B-2E237B257352}.AppStore|x64.ActiveCfg = Release|x64
		{8EC0B1A5-87A4-448A-A27B-2E237B257352}.AppStore|x64.Build.0 = Release|x64
		{8EC0B1A5-87A4-448A-A27B-2E237B257352}.AppStore|x64.Deploy.0 = Release|x64
		{8EC0B1A5-87A4-448A-A27B-2E237B257352}.AppStore|x86.ActiveCfg = Release|x86
		{8EC0B1A5-87A4-448A-A27B-2E237B257352}.AppStore|x86.Build.0 = Release|x86
		{8EC0B1A5-87A4-448A-A27B-2E237B257352}.AppStore|x86.Deploy.0 = Release|x86
		{8EC0B1A5-87A4-448A-A27B-2E237B257352}.Debug|Any CPU.ActiveCfg = Debug|x86
		{8EC0B1A5-87A4-448A-A27B-2E237B257352}.Debug|ARM.ActiveCfg = Debug|ARM
		{8EC0B1A5-87A4-448A-A27B-2E237B257352}.Debug|ARM.Build.0 = Debug|ARM
		{8EC0B1A5-87A4-448A-A27B-2E237B257352}.Debug|ARM.Deploy.0 = Debug|ARM
		{8EC0B1A5-87A4-448A-A27B-2E237B257352}.Debug|iPhone.ActiveCfg = Debug|x86
		{8EC0B1A5-87A4-448A-A27B-2E237B257352}.Debug|iPhoneSimulator.ActiveCfg = Debug|x86
		{8EC0B1A5-87A4-448A-A27B-2E237B257352}.Debug|x64.ActiveCfg = Debug|x64
		{8EC0B1A5-87A4-448A-A27B-2E237B257352}.Debug|x64.Build.0 = Debug|x64
		{8EC0B1A5-87A4-448A-A27B-2E237B257352}.Debug|x64.Deploy.0 = Debug|x64
		{8EC0B1A5-87A4-448A-A27B-2E237B257352}.Debug|x86.ActiveCfg = Debug|x86
		{8EC0B1A5-87A4-448A-A27B-2E237B257352}.Debug|x86.Build.0 = Debug|x86
		{8EC0B1A5-87A4-448A-A27B-2E237B257352}.Debug|x86.Deploy.0 = Debug|x86
		{8EC0B1A5-87A4-448A-A27B-2E237B257352}.Release|Any CPU.ActiveCfg = Release|x86
		{8EC0B1A5-87A4-448A-A27B-2E237B257352}.Release|ARM.ActiveCfg = Release|ARM
		{8EC0B1A5-87A4-448A-A27B-2E237B257352}.Release|ARM.Build.0 = Release|ARM
		{8EC0B1A5-87A4-448A-A27B-2E237B257352}.Release|ARM.Deploy.0 = Release|ARM
		{8EC0B1A5-87A4-448A-A27B-2E237B257352}.Release|iPhone.ActiveCfg = Release|x86
		{8EC0B1A5-87A4-448A-A27B-2E237B257352}.Release|iPhoneSimulator.ActiveCfg = Release|x86
		{8EC0B1A5-87A4-448A-A27B-2E237B257352}.Release|x64.ActiveCfg = Release|x64
		{8EC0B1A5-87A4-448A-A27B-2E237B257352}.Release|x64.Build.0 = Release|x64
		{8EC0B1A5-87A4-448A-A27B-2E237B257352}.Release|x64.Deploy.0 = Release|x64
		{8EC0B1A5-87A4-448A-A27B-2E237B257352}.Release|x86.ActiveCfg = Release|x86
		{8EC0B1A5-87A4-448A-A27B-2E237B257352}.Release|x86.Build.0 = Release|x86
		{8EC0B1A5-87A4-448A-A27B-2E237B257352}.Release|x86.Deploy.0 = Release|x86
		{01BBC4E7-79FE-4BA0-90E2-EC90AADD8DAF}.Ad-Hoc|Any CPU.ActiveCfg = Ad-Hoc|iPhoneSimulator
		{01BBC4E7-79FE-4BA0-90E2-EC90AADD8DAF}.Ad-Hoc|ARM.ActiveCfg = Ad-Hoc|iPhone
		{01BBC4E7-79FE-4BA0-90E2-EC90AADD8DAF}.Ad-Hoc|iPhone.ActiveCfg = Ad-Hoc|iPhone
		{01BBC4E7-79FE-4BA0-90E2-EC90AADD8DAF}.Ad-Hoc|iPhone.Build.0 = Ad-Hoc|iPhone
		{01BBC4E7-79FE-4BA0-90E2-EC90AADD8DAF}.Ad-Hoc|iPhoneSimulator.ActiveCfg = Ad-Hoc|iPhoneSimulator
		{01BBC4E7-79FE-4BA0-90E2-EC90AADD8DAF}.Ad-Hoc|iPhoneSimulator.Build.0 = Ad-Hoc|iPhoneSimulator
		{01BBC4E7-79FE-4BA0-90E2-EC90AADD8DAF}.Ad-Hoc|x64.ActiveCfg = Ad-Hoc|iPhone
		{01BBC4E7-79FE-4BA0-90E2-EC90AADD8DAF}.Ad-Hoc|x86.ActiveCfg = Ad-Hoc|iPhone
		{01BBC4E7-79FE-4BA0-90E2-EC90AADD8DAF}.AppStore|Any CPU.ActiveCfg = AppStore|iPhoneSimulator
		{01BBC4E7-79FE-4BA0-90E2-EC90AADD8DAF}.AppStore|ARM.ActiveCfg = AppStore|iPhone
		{01BBC4E7-79FE-4BA0-90E2-EC90AADD8DAF}.AppStore|iPhone.ActiveCfg = AppStore|iPhone
		{01BBC4E7-79FE-4BA0-90E2-EC90AADD8DAF}.AppStore|iPhone.Build.0 = AppStore|iPhone
		{01BBC4E7-79FE-4BA0-90E2-EC90AADD8DAF}.AppStore|iPhoneSimulator.ActiveCfg = AppStore|iPhoneSimulator
		{01BBC4E7-79FE-4BA0-90E2-EC90AADD8DAF}.AppStore|iPhoneSimulator.Build.0 = AppStore|iPhoneSimulator
		{01BBC4E7-79FE-4BA0-90E2-EC90AADD8DAF}.AppStore|x64.ActiveCfg = AppStore|iPhone
		{01BBC4E7-79FE-4BA0-90E2-EC90AADD8DAF}.AppStore|x86.ActiveCfg = AppStore|iPhone
		{01BBC4E7-79FE-4BA0-90E2-EC90AADD8DAF}.Debug|Any CPU.ActiveCfg = Debug|iPhoneSimulator
		{01BBC4E7-79FE-4BA0-90E2-EC90AADD8DAF}.Debug|ARM.ActiveCfg = Debug|iPhone
		{01BBC4E7-79FE-4BA0-90E2-EC90AADD8DAF}.Debug|iPhone.ActiveCfg = Debug|iPhone
		{01BBC4E7-79FE-4BA0-90E2-EC90AADD8DAF}.Debug|iPhone.Build.0 = Debug|iPhone
		{01BBC4E7-79FE-4BA0-90E2-EC90AADD8DAF}.Debug|iPhoneSimulator.ActiveCfg = Debug|iPhoneSimulator
		{01BBC4E7-79FE-4BA0-90E2-EC90AADD8DAF}.Debug|iPhoneSimulator.Build.0 = Debug|iPhoneSimulator
		{01BBC4E7-79FE-4BA0-90E2-EC90AADD8DAF}.Debug|x64.ActiveCfg = Debug|iPhone
		{01BBC4E7-79FE-4BA0-90E2-EC90AADD8DAF}.Debug|x86.ActiveCfg = Debug|iPhone
		{01BBC4E7-79FE-4BA0-90E2-EC90AADD8DAF}.Release|Any CPU.ActiveCfg = Release|iPhoneSimulator
		{01BBC4E7-79FE-4BA0-90E2-EC90AADD8DAF}.Release|ARM.ActiveCfg = Release|iPhone
		{01BBC4E7-79FE-4BA0-90E2-EC90AADD8DAF}.Release|iPhone.ActiveCfg = Release|iPhone
		{01BBC4E7-79FE-4BA0-90E2-EC90AADD8DAF}.Release|iPhone.Build.0 = Release|iPhone
		{01BBC4E7-79FE-4BA0-90E2-EC90AADD8DAF}.Release|iPhoneSimulator.ActiveCfg = Release|iPhoneSimulator
		{01BBC4E7-79FE-4BA0-90E2-EC90AADD8DAF}.Release|iPhoneSimulator.Build.0 = Release|iPhoneSimulator
		{01BBC4E7-79FE-4BA0-90E2-EC90AADD8DAF}.Release|x64.ActiveCfg = Release|iPhone
		{01BBC4E7-79FE-4BA0-90E2-EC90AADD8DAF}.Release|x86.ActiveCfg = Release|iPhone
	EndGlobalSection
	GlobalSection(SolutionProperties) = preSolution
		HideSolutionNode = FALSE
	EndGlobalSection
	GlobalSection(ExtensibilityGlobals) = postSolution
		SolutionGuid = {F5195F44-2605-4295-9AB9-E7528DE4B2C3}
	EndGlobalSection
	GlobalSection(TeamFoundationVersionControl) = preSolution
		SccNumberOfProjects = 5
		SccEnterpriseProvider = {4CA58AB2-18FA-4F8D-95D4-32DDF27D184C}
		SccTeamFoundationServer = https://magnetsdasa.visualstudio.com/
		SccLocalPath0 = .
		SccProjectUniqueName1 = dMagnets\\dMagnets.Android\\dMagnets.Android.csproj
		SccProjectName1 = dMagnets/dMagnets.Android
		SccLocalPath1 = dMagnets\\dMagnets.Android
		SccProjectUniqueName2 = dMagnets\\dMagnets.iOS\\dMagnets.iOS.csproj
		SccProjectName2 = dMagnets/dMagnets.iOS
		SccLocalPath2 = dMagnets\\dMagnets.iOS
		SccProjectUniqueName3 = dMagnets\\dMagnets.UWP\\dMagnets.UWP.csproj
		SccProjectName3 = dMagnets/dMagnets.UWP
		SccLocalPath3 = dMagnets\\dMagnets.UWP
		SccProjectUniqueName4 = dMagnets\\dMagnets\\dMagnets.csproj
		SccProjectName4 = dMagnets/dMagnets
		SccLocalPath4 = dMagnets\\dMagnets
	EndGlobalSection
EndGlobal
